
Microsoft Visual Studio Solution File, Format Version 12.00
# Visual Studio Version 16
VisualStudioVersion = 16.0.31410.357
MinimumVisualStudioVersion = 10.0.40219.1
Project("{FAE04EC0-301F-11D3-BF4B-00C04F79EFBC}") = "HotelListing", "HotelListing\HotelListing.csproj", "{AB16298F-94BA-43B5-8E87-10C90330C13E}"
EndProject
Global
	GlobalSection(SolutionConfigurationPlatforms) = preSolution
		Debug|Any CPU = Debug|Any CPU
		Release|Any CPU = Release|Any CPU
	EndGlobalSection
	GlobalSection(ProjectConfigurationPlatforms) = postSolution
		{AB16298F-94BA-43B5-8E87-10C90330C13E}.Debug|Any CPU.ActiveCfg = Debug|Any CPU
		{AB16298F-94BA-43B5-8E87-10C90330C13E}.Debug|Any CPU.Build.0 = Debug|Any CPU
		{AB16298F-94BA-43B5-8E87-10C90330C13E}.Release|Any CPU.ActiveCfg = Release|Any CPU
		{AB16298F-94BA-43B5-8E87-10C90330C13E}.Release|Any CPU.Build.0 = Release|Any CPU
	EndGlobalSection
	GlobalSection(SolutionProperties) = preSolution
		HideSolutionNode = FALSE
	EndGlobalSection
	GlobalSection(ExtensibilityGlobals) = postSolution
		SolutionGuid = {C5586CB2-8732-4444-BABD-634DF6559BCE}
	EndGlobalSection
EndGlobal
